
Microsoft Visual Studio Solution File, Format Version 12.00
# Visual Studio Version 16
VisualStudioVersion = 16.0.29728.190
MinimumVisualStudioVersion = 10.0.40219.1
Project("{9A19103F-16F7-4668-BE54-9A1E7A4F7556}") = "TestIterator", "TestIterator.csproj", "{94964697-CF8C-496D-B6B4-778AE9585D68}"
EndProject
Project("{9A19103F-16F7-4668-BE54-9A1E7A4F7556}") = "testLinq", "..\testLinq\testLinq.csproj", "{B8B3001A-0B69-40D4-81DD-4A975D96CF71}"
EndProject
Project("{FAE04EC0-301F-11D3-BF4B-00C04F79EFBC}") = "Linq", "..\Linq\Linq.csproj", "{739EF0F2-3EB3-473E-B58A-3A9CA6B79CA5}"
EndProject
Global
	GlobalSection(SolutionConfigurationPlatforms) = preSolution
		Debug|Any CPU = Debug|Any CPU
		Release|Any CPU = Release|Any CPU
	EndGlobalSection
	GlobalSection(ProjectConfigurationPlatforms) = postSolution
		{94964697-CF8C-496D-B6B4-778AE9585D68}.Debug|Any CPU.ActiveCfg = Debug|Any CPU
		{94964697-CF8C-496D-B6B4-778AE9585D68}.Debug|Any CPU.Build.0 = Debug|Any CPU
		{94964697-CF8C-496D-B6B4-778AE9585D68}.Release|Any CPU.ActiveCfg = Release|Any CPU
		{94964697-CF8C-496D-B6B4-778AE9585D68}.Release|Any CPU.Build.0 = Release|Any CPU
		{B8B3001A-0B69-40D4-81DD-4A975D96CF71}.Debug|Any CPU.ActiveCfg = Debug|Any CPU
		{B8B3001A-0B69-40D4-81DD-4A975D96CF71}.Debug|Any CPU.Build.0 = Debug|Any CPU
		{B8B3001A-0B69-40D4-81DD-4A975D96CF71}.Release|Any CPU.ActiveCfg = Release|Any CPU
		{B8B3001A-0B69-40D4-81DD-4A975D96CF71}.Release|Any CPU.Build.0 = Release|Any CPU
		{739EF0F2-3EB3-473E-B58A-3A9CA6B79CA5}.Debug|Any CPU.ActiveCfg = Debug|Any CPU
		{739EF0F2-3EB3-473E-B58A-3A9CA6B79CA5}.Debug|Any CPU.Build.0 = Debug|Any CPU
		{739EF0F2-3EB3-473E-B58A-3A9CA6B79CA5}.Release|Any CPU.ActiveCfg = Release|Any CPU
		{739EF0F2-3EB3-473E-B58A-3A9CA6B79CA5}.Release|Any CPU.Build.0 = Release|Any CPU
	EndGlobalSection
	GlobalSection(SolutionProperties) = preSolution
		HideSolutionNode = FALSE
	EndGlobalSection
	GlobalSection(ExtensibilityGlobals) = postSolution
		SolutionGuid = {7D550C7A-CFE4-4A53-B34D-4804F63A119E}
	EndGlobalSection
EndGlobal
