
Microsoft Visual Studio Solution File, Format Version 12.00
# Visual Studio Version 16
VisualStudioVersion = 16.0.30104.148
MinimumVisualStudioVersion = 10.0.40219.1
Project("{FAE04EC0-301F-11D3-BF4B-00C04F79EFBC}") = "DevExpressDemo1", "DevExpressDemo1.csproj", "{48766021-EF25-41DA-91D0-C41E7B497B26}"
EndProject
Global
	GlobalSection(SolutionConfigurationPlatforms) = preSolution
		Debug|Any CPU = Debug|Any CPU
		Release|Any CPU = Release|Any CPU
	EndGlobalSection
	GlobalSection(ProjectConfigurationPlatforms) = postSolution
		{48766021-EF25-41DA-91D0-C41E7B497B26}.Debug|Any CPU.ActiveCfg = Debug|Any CPU
		{48766021-EF25-41DA-91D0-C41E7B497B26}.Debug|Any CPU.Build.0 = Debug|Any CPU
		{48766021-EF25-41DA-91D0-C41E7B497B26}.Release|Any CPU.ActiveCfg = Release|Any CPU
		{48766021-EF25-41DA-91D0-C41E7B497B26}.Release|Any CPU.Build.0 = Release|Any CPU
	EndGlobalSection
	GlobalSection(SolutionProperties) = preSolution
		HideSolutionNode = FALSE
	EndGlobalSection
	GlobalSection(ExtensibilityGlobals) = postSolution
		SolutionGuid = {E269B31C-FF94-4206-A595-9266764BA995}
	EndGlobalSection
EndGlobal
