
Microsoft Visual Studio Solution File, Format Version 12.00
# Visual Studio Version 16
VisualStudioVersion = 16.0.29613.14
MinimumVisualStudioVersion = 10.0.40219.1
Project("{9A19103F-16F7-4668-BE54-9A1E7A4F7556}") = "MyServiceA", "MyServiceA\MyServiceA.csproj", "{A925D67E-3455-41E2-B3DC-76DE0C88F9D7}"
EndProject
Project("{9A19103F-16F7-4668-BE54-9A1E7A4F7556}") = "MyServiceB", "MyServiceB\MyServiceB.csproj", "{1613BFCC-9A6D-4BAB-B145-1F33BE2729D4}"
EndProject
Project("{9A19103F-16F7-4668-BE54-9A1E7A4F7556}") = "Ruanmou.ConsulServiceRegistration", "Ruanmou.ConsulBuilder\Ruanmou.ConsulServiceRegistration.csproj", "{97DAB8FF-94BD-4F56-8654-DE751F93FD9D}"
EndProject
Project("{2150E333-8FDC-42A3-9474-1A3956D46DE8}") = "Services", "Services", "{7B6691C3-72A8-409D-9487-615D0C496EF2}"
EndProject
Project("{2150E333-8FDC-42A3-9474-1A3956D46DE8}") = "Polly", "Polly", "{04028E74-A035-4474-BE7B-3994FF76518D}"
EndProject
Project("{9A19103F-16F7-4668-BE54-9A1E7A4F7556}") = "Ruanmou.ServiceDiscovery", "Ruanmou.ServiceDiscovery\Ruanmou.ServiceDiscovery.csproj", "{841B984E-1A92-4834-80A7-3BABDDA093C5}"
EndProject
Project("{9A19103F-16F7-4668-BE54-9A1E7A4F7556}") = "ServiceCustomer", "ServiceCustomer\ServiceCustomer.csproj", "{0624A7B9-782D-441A-9CCA-6768CB1E0EE6}"
EndProject
Project("{9A19103F-16F7-4668-BE54-9A1E7A4F7556}") = "ServiceCustomerWithPolly", "ServiceCustomerWithPolly\ServiceCustomerWithPolly.csproj", "{1C572E61-EE4F-4AC5-9E99-DAD8CBAFAD2A}"
EndProject
Project("{9A19103F-16F7-4668-BE54-9A1E7A4F7556}") = "PollyDemo", "PollyDemo\PollyDemo.csproj", "{5E9BF1B5-20EC-4E5F-97F5-A23C939C8A79}"
EndProject
Global
	GlobalSection(SolutionConfigurationPlatforms) = preSolution
		Debug|Any CPU = Debug|Any CPU
		Release|Any CPU = Release|Any CPU
	EndGlobalSection
	GlobalSection(ProjectConfigurationPlatforms) = postSolution
		{A925D67E-3455-41E2-B3DC-76DE0C88F9D7}.Debug|Any CPU.ActiveCfg = Debug|Any CPU
		{A925D67E-3455-41E2-B3DC-76DE0C88F9D7}.Debug|Any CPU.Build.0 = Debug|Any CPU
		{A925D67E-3455-41E2-B3DC-76DE0C88F9D7}.Release|Any CPU.ActiveCfg = Release|Any CPU
		{A925D67E-3455-41E2-B3DC-76DE0C88F9D7}.Release|Any CPU.Build.0 = Release|Any CPU
		{1613BFCC-9A6D-4BAB-B145-1F33BE2729D4}.Debug|Any CPU.ActiveCfg = Debug|Any CPU
		{1613BFCC-9A6D-4BAB-B145-1F33BE2729D4}.Debug|Any CPU.Build.0 = Debug|Any CPU
		{1613BFCC-9A6D-4BAB-B145-1F33BE2729D4}.Release|Any CPU.ActiveCfg = Release|Any CPU
		{1613BFCC-9A6D-4BAB-B145-1F33BE2729D4}.Release|Any CPU.Build.0 = Release|Any CPU
		{97DAB8FF-94BD-4F56-8654-DE751F93FD9D}.Debug|Any CPU.ActiveCfg = Debug|Any CPU
		{97DAB8FF-94BD-4F56-8654-DE751F93FD9D}.Debug|Any CPU.Build.0 = Debug|Any CPU
		{97DAB8FF-94BD-4F56-8654-DE751F93FD9D}.Release|Any CPU.ActiveCfg = Release|Any CPU
		{97DAB8FF-94BD-4F56-8654-DE751F93FD9D}.Release|Any CPU.Build.0 = Release|Any CPU
		{841B984E-1A92-4834-80A7-3BABDDA093C5}.Debug|Any CPU.ActiveCfg = Debug|Any CPU
		{841B984E-1A92-4834-80A7-3BABDDA093C5}.Debug|Any CPU.Build.0 = Debug|Any CPU
		{841B984E-1A92-4834-80A7-3BABDDA093C5}.Release|Any CPU.ActiveCfg = Release|Any CPU
		{841B984E-1A92-4834-80A7-3BABDDA093C5}.Release|Any CPU.Build.0 = Release|Any CPU
		{0624A7B9-782D-441A-9CCA-6768CB1E0EE6}.Debug|Any CPU.ActiveCfg = Debug|Any CPU
		{0624A7B9-782D-441A-9CCA-6768CB1E0EE6}.Debug|Any CPU.Build.0 = Debug|Any CPU
		{0624A7B9-782D-441A-9CCA-6768CB1E0EE6}.Release|Any CPU.ActiveCfg = Release|Any CPU
		{0624A7B9-782D-441A-9CCA-6768CB1E0EE6}.Release|Any CPU.Build.0 = Release|Any CPU
		{1C572E61-EE4F-4AC5-9E99-DAD8CBAFAD2A}.Debug|Any CPU.ActiveCfg = Debug|Any CPU
		{1C572E61-EE4F-4AC5-9E99-DAD8CBAFAD2A}.Debug|Any CPU.Build.0 = Debug|Any CPU
		{1C572E61-EE4F-4AC5-9E99-DAD8CBAFAD2A}.Release|Any CPU.ActiveCfg = Release|Any CPU
		{1C572E61-EE4F-4AC5-9E99-DAD8CBAFAD2A}.Release|Any CPU.Build.0 = Release|Any CPU
		{5E9BF1B5-20EC-4E5F-97F5-A23C939C8A79}.Debug|Any CPU.ActiveCfg = Debug|Any CPU
		{5E9BF1B5-20EC-4E5F-97F5-A23C939C8A79}.Debug|Any CPU.Build.0 = Debug|Any CPU
		{5E9BF1B5-20EC-4E5F-97F5-A23C939C8A79}.Release|Any CPU.ActiveCfg = Release|Any CPU
		{5E9BF1B5-20EC-4E5F-97F5-A23C939C8A79}.Release|Any CPU.Build.0 = Release|Any CPU
	EndGlobalSection
	GlobalSection(SolutionProperties) = preSolution
		HideSolutionNode = FALSE
	EndGlobalSection
	GlobalSection(NestedProjects) = preSolution
		{A925D67E-3455-41E2-B3DC-76DE0C88F9D7} = {7B6691C3-72A8-409D-9487-615D0C496EF2}
		{1613BFCC-9A6D-4BAB-B145-1F33BE2729D4} = {7B6691C3-72A8-409D-9487-615D0C496EF2}
		{97DAB8FF-94BD-4F56-8654-DE751F93FD9D} = {7B6691C3-72A8-409D-9487-615D0C496EF2}
		{841B984E-1A92-4834-80A7-3BABDDA093C5} = {04028E74-A035-4474-BE7B-3994FF76518D}
		{0624A7B9-782D-441A-9CCA-6768CB1E0EE6} = {04028E74-A035-4474-BE7B-3994FF76518D}
		{1C572E61-EE4F-4AC5-9E99-DAD8CBAFAD2A} = {04028E74-A035-4474-BE7B-3994FF76518D}
		{5E9BF1B5-20EC-4E5F-97F5-A23C939C8A79} = {04028E74-A035-4474-BE7B-3994FF76518D}
	EndGlobalSection
	GlobalSection(ExtensibilityGlobals) = postSolution
		SolutionGuid = {0D261E9E-F5FE-4701-BB01-73C6F7F6B755}
	EndGlobalSection
EndGlobal
