
Microsoft Visual Studio Solution File, Format Version 12.00
# Visual Studio Version 16
VisualStudioVersion = 16.0.29613.14
MinimumVisualStudioVersion = 10.0.40219.1
Project("{FAE04EC0-301F-11D3-BF4B-00C04F79EFBC}") = "TestArrayArguments", "TestArrayArguments.csproj", "{AE5CAB85-DCF3-42BE-A3E5-977920CD74E4}"
EndProject
Global
	GlobalSection(SolutionConfigurationPlatforms) = preSolution
		Debug|Any CPU = Debug|Any CPU
		Release|Any CPU = Release|Any CPU
	EndGlobalSection
	GlobalSection(ProjectConfigurationPlatforms) = postSolution
		{AE5CAB85-DCF3-42BE-A3E5-977920CD74E4}.Debug|Any CPU.ActiveCfg = Debug|Any CPU
		{AE5CAB85-DCF3-42BE-A3E5-977920CD74E4}.Debug|Any CPU.Build.0 = Debug|Any CPU
		{AE5CAB85-DCF3-42BE-A3E5-977920CD74E4}.Release|Any CPU.ActiveCfg = Release|Any CPU
		{AE5CAB85-DCF3-42BE-A3E5-977920CD74E4}.Release|Any CPU.Build.0 = Release|Any CPU
	EndGlobalSection
	GlobalSection(SolutionProperties) = preSolution
		HideSolutionNode = FALSE
	EndGlobalSection
	GlobalSection(ExtensibilityGlobals) = postSolution
		SolutionGuid = {ABA6031D-A78B-4615-A151-F494B3C87E15}
	EndGlobalSection
EndGlobal
