
Microsoft Visual Studio Solution File, Format Version 12.00
# Visual Studio Version 16
VisualStudioVersion = 16.0.29728.190
MinimumVisualStudioVersion = 10.0.40219.1
Project("{FAE04EC0-301F-11D3-BF4B-00C04F79EFBC}") = "Pipe", "Pipe.csproj", "{336A85C1-3AC3-4BEF-AC07-11A7A2B3E4C1}"
EndProject
Global
	GlobalSection(SolutionConfigurationPlatforms) = preSolution
		Debug|Any CPU = Debug|Any CPU
		Release|Any CPU = Release|Any CPU
	EndGlobalSection
	GlobalSection(ProjectConfigurationPlatforms) = postSolution
		{336A85C1-3AC3-4BEF-AC07-11A7A2B3E4C1}.Debug|Any CPU.ActiveCfg = Debug|Any CPU
		{336A85C1-3AC3-4BEF-AC07-11A7A2B3E4C1}.Debug|Any CPU.Build.0 = Debug|Any CPU
		{336A85C1-3AC3-4BEF-AC07-11A7A2B3E4C1}.Release|Any CPU.ActiveCfg = Release|Any CPU
		{336A85C1-3AC3-4BEF-AC07-11A7A2B3E4C1}.Release|Any CPU.Build.0 = Release|Any CPU
	EndGlobalSection
	GlobalSection(SolutionProperties) = preSolution
		HideSolutionNode = FALSE
	EndGlobalSection
	GlobalSection(ExtensibilityGlobals) = postSolution
		SolutionGuid = {FC527698-B0AF-46A3-96C7-4EF3EAE39737}
	EndGlobalSection
EndGlobal
