
Microsoft Visual Studio Solution File, Format Version 12.00
# Visual Studio Version 16
VisualStudioVersion = 16.0.30104.148
MinimumVisualStudioVersion = 10.0.40219.1
Project("{FAE04EC0-301F-11D3-BF4B-00C04F79EFBC}") = "DevExpressDemo2", "DevExpressDemo2.csproj", "{C6193B99-C29C-4F47-9F9E-BA7D93CE1516}"
EndProject
Global
	GlobalSection(SolutionConfigurationPlatforms) = preSolution
		Debug|Any CPU = Debug|Any CPU
		Release|Any CPU = Release|Any CPU
	EndGlobalSection
	GlobalSection(ProjectConfigurationPlatforms) = postSolution
		{C6193B99-C29C-4F47-9F9E-BA7D93CE1516}.Debug|Any CPU.ActiveCfg = Debug|Any CPU
		{C6193B99-C29C-4F47-9F9E-BA7D93CE1516}.Debug|Any CPU.Build.0 = Debug|Any CPU
		{C6193B99-C29C-4F47-9F9E-BA7D93CE1516}.Release|Any CPU.ActiveCfg = Release|Any CPU
		{C6193B99-C29C-4F47-9F9E-BA7D93CE1516}.Release|Any CPU.Build.0 = Release|Any CPU
	EndGlobalSection
	GlobalSection(SolutionProperties) = preSolution
		HideSolutionNode = FALSE
	EndGlobalSection
	GlobalSection(ExtensibilityGlobals) = postSolution
		SolutionGuid = {273680E4-3DA5-4E89-AC5E-11EAD72FE9C5}
	EndGlobalSection
EndGlobal
