
Microsoft Visual Studio Solution File, Format Version 12.00
# Visual Studio Version 16
VisualStudioVersion = 16.0.29728.190
MinimumVisualStudioVersion = 10.0.40219.1
Project("{FAE04EC0-301F-11D3-BF4B-00C04F79EFBC}") = "ConsoleApp2", "ConsoleApp2.csproj", "{5CA760C0-6015-4D9C-A430-86DB9CF7F88B}"
EndProject
Project("{FAE04EC0-301F-11D3-BF4B-00C04F79EFBC}") = "FWConsole", "..\FWConsole\FWConsole.csproj", "{640831F2-F4B7-4D99-9543-4F1A53B8BF53}"
EndProject
Global
	GlobalSection(SolutionConfigurationPlatforms) = preSolution
		Debug|Any CPU = Debug|Any CPU
		Release|Any CPU = Release|Any CPU
	EndGlobalSection
	GlobalSection(ProjectConfigurationPlatforms) = postSolution
		{5CA760C0-6015-4D9C-A430-86DB9CF7F88B}.Debug|Any CPU.ActiveCfg = Debug|Any CPU
		{5CA760C0-6015-4D9C-A430-86DB9CF7F88B}.Debug|Any CPU.Build.0 = Debug|Any CPU
		{5CA760C0-6015-4D9C-A430-86DB9CF7F88B}.Release|Any CPU.ActiveCfg = Release|Any CPU
		{5CA760C0-6015-4D9C-A430-86DB9CF7F88B}.Release|Any CPU.Build.0 = Release|Any CPU
		{640831F2-F4B7-4D99-9543-4F1A53B8BF53}.Debug|Any CPU.ActiveCfg = Debug|Any CPU
		{640831F2-F4B7-4D99-9543-4F1A53B8BF53}.Debug|Any CPU.Build.0 = Debug|Any CPU
		{640831F2-F4B7-4D99-9543-4F1A53B8BF53}.Release|Any CPU.ActiveCfg = Release|Any CPU
		{640831F2-F4B7-4D99-9543-4F1A53B8BF53}.Release|Any CPU.Build.0 = Release|Any CPU
	EndGlobalSection
	GlobalSection(SolutionProperties) = preSolution
		HideSolutionNode = FALSE
	EndGlobalSection
	GlobalSection(ExtensibilityGlobals) = postSolution
		SolutionGuid = {A99C6FBE-B393-41C3-A65A-03F1DDD9D0F8}
	EndGlobalSection
EndGlobal
