
Microsoft Visual Studio Solution File, Format Version 12.00
# Visual Studio 15
VisualStudioVersion = 15.0.26228.9
MinimumVisualStudioVersion = 10.0.40219.1
Project("{FAE04EC0-301F-11D3-BF4B-00C04F79EFBC}") = "MyApp", "MyApp\MyApp.csproj", "{FD08A061-8DCC-44D0-9579-132BAA024913}"
EndProject
Project("{FAE04EC0-301F-11D3-BF4B-00C04F79EFBC}") = "TestClient", "TestClient\TestClient.csproj", "{8D86BBD3-759C-4DBB-947F-562E96E0352C}"
EndProject
Project("{FAE04EC0-301F-11D3-BF4B-00C04F79EFBC}") = "CommonLib", "CommonLib\CommonLib.csproj", "{66EEB83D-3189-4DB5-8943-6759160B4CA6}"
EndProject
Global
	GlobalSection(SolutionConfigurationPlatforms) = preSolution
		Debug|Any CPU = Debug|Any CPU
		Release|Any CPU = Release|Any CPU
	EndGlobalSection
	GlobalSection(ProjectConfigurationPlatforms) = postSolution
		{FD08A061-8DCC-44D0-9579-132BAA024913}.Debug|Any CPU.ActiveCfg = Debug|Any CPU
		{FD08A061-8DCC-44D0-9579-132BAA024913}.Debug|Any CPU.Build.0 = Debug|Any CPU
		{FD08A061-8DCC-44D0-9579-132BAA024913}.Release|Any CPU.ActiveCfg = Release|Any CPU
		{FD08A061-8DCC-44D0-9579-132BAA024913}.Release|Any CPU.Build.0 = Release|Any CPU
		{8D86BBD3-759C-4DBB-947F-562E96E0352C}.Debug|Any CPU.ActiveCfg = Debug|Any CPU
		{8D86BBD3-759C-4DBB-947F-562E96E0352C}.Debug|Any CPU.Build.0 = Debug|Any CPU
		{8D86BBD3-759C-4DBB-947F-562E96E0352C}.Release|Any CPU.ActiveCfg = Release|Any CPU
		{8D86BBD3-759C-4DBB-947F-562E96E0352C}.Release|Any CPU.Build.0 = Release|Any CPU
		{66EEB83D-3189-4DB5-8943-6759160B4CA6}.Debug|Any CPU.ActiveCfg = Debug|Any CPU
		{66EEB83D-3189-4DB5-8943-6759160B4CA6}.Debug|Any CPU.Build.0 = Debug|Any CPU
		{66EEB83D-3189-4DB5-8943-6759160B4CA6}.Release|Any CPU.ActiveCfg = Release|Any CPU
		{66EEB83D-3189-4DB5-8943-6759160B4CA6}.Release|Any CPU.Build.0 = Release|Any CPU
	EndGlobalSection
	GlobalSection(SolutionProperties) = preSolution
		HideSolutionNode = FALSE
	EndGlobalSection
EndGlobal
