
Microsoft Visual Studio Solution File, Format Version 12.00
# Visual Studio Version 16
VisualStudioVersion = 16.0.29613.14
MinimumVisualStudioVersion = 10.0.40219.1
Project("{FAE04EC0-301F-11D3-BF4B-00C04F79EFBC}") = "TestArgument", "TestArgument.csproj", "{BBA774E0-6E54-4BBE-9662-7E1C11845EB8}"
EndProject
Global
	GlobalSection(SolutionConfigurationPlatforms) = preSolution
		Debug|Any CPU = Debug|Any CPU
		Release|Any CPU = Release|Any CPU
	EndGlobalSection
	GlobalSection(ProjectConfigurationPlatforms) = postSolution
		{BBA774E0-6E54-4BBE-9662-7E1C11845EB8}.Debug|Any CPU.ActiveCfg = Debug|Any CPU
		{BBA774E0-6E54-4BBE-9662-7E1C11845EB8}.Debug|Any CPU.Build.0 = Debug|Any CPU
		{BBA774E0-6E54-4BBE-9662-7E1C11845EB8}.Release|Any CPU.ActiveCfg = Release|Any CPU
		{BBA774E0-6E54-4BBE-9662-7E1C11845EB8}.Release|Any CPU.Build.0 = Release|Any CPU
	EndGlobalSection
	GlobalSection(SolutionProperties) = preSolution
		HideSolutionNode = FALSE
	EndGlobalSection
	GlobalSection(ExtensibilityGlobals) = postSolution
		SolutionGuid = {30368A47-2A5F-467A-B5AE-CB1C7F0A6A0B}
	EndGlobalSection
EndGlobal
