
Microsoft Visual Studio Solution File, Format Version 12.00
# Visual Studio Version 16
VisualStudioVersion = 16.0.30011.22
MinimumVisualStudioVersion = 10.0.40219.1
Project("{FAE04EC0-301F-11D3-BF4B-00C04F79EFBC}") = "InterfaceDemo", "InterfaceDemo.csproj", "{AB6F2D7E-A107-4C3A-A4B4-53BA17DE0FAB}"
EndProject
Global
	GlobalSection(SolutionConfigurationPlatforms) = preSolution
		Debug|Any CPU = Debug|Any CPU
		Release|Any CPU = Release|Any CPU
	EndGlobalSection
	GlobalSection(ProjectConfigurationPlatforms) = postSolution
		{AB6F2D7E-A107-4C3A-A4B4-53BA17DE0FAB}.Debug|Any CPU.ActiveCfg = Debug|Any CPU
		{AB6F2D7E-A107-4C3A-A4B4-53BA17DE0FAB}.Debug|Any CPU.Build.0 = Debug|Any CPU
		{AB6F2D7E-A107-4C3A-A4B4-53BA17DE0FAB}.Release|Any CPU.ActiveCfg = Release|Any CPU
		{AB6F2D7E-A107-4C3A-A4B4-53BA17DE0FAB}.Release|Any CPU.Build.0 = Release|Any CPU
	EndGlobalSection
	GlobalSection(SolutionProperties) = preSolution
		HideSolutionNode = FALSE
	EndGlobalSection
	GlobalSection(ExtensibilityGlobals) = postSolution
		SolutionGuid = {0B129A76-C101-4AF0-B049-17DA98CCA01D}
	EndGlobalSection
EndGlobal
